// !$*UTF8*$!
{
	archiveVersion = 1;
	classes = {
	};
	objectVersion = 50;
	objects = {

/* Begin PBXBuildFile section */
		A7EB4942265AEC6C00B8B15D /* ${packageName}App.swift in Sources */ = {isa = PBXBuildFile; fileRef = A7EB4941265AEC6C00B8B15D /* ${packageName}App.swift */; };
		A7EB4944265AEC6C00B8B15D /* ContentView.swift in Sources */ = {isa = PBXBuildFile; fileRef = A7EB4943265AEC6C00B8B15D /* ContentView.swift */; };
		A7EB4946265AEC6D00B8B15D /* Assets.xcassets in Resources */ = {isa = PBXBuildFile; fileRef = A7EB4945265AEC6D00B8B15D /* Assets.xcassets */; };
		A7EB4949265AEC6D00B8B15D /* Preview Assets.xcassets in Resources */ = {isa = PBXBuildFile; fileRef = A7EB4948265AEC6D00B8B15D /* Preview Assets.xcassets */; };
		A7EB4951265AECAC00B8B15D /* SampleText.swift in Sources */ = {isa = PBXBuildFile; fileRef = A7EB4950265AECAC00B8B15D /* SampleText.swift */; };
		A7EB4959265AEF6A00B8B15D /* ${packageName}Tests.swift in Sources */ = {isa = PBXBuildFile; fileRef = A7EB4958265AEF6A00B8B15D /* ${packageName}Tests.swift */; };
		A7EB4967265AF10B00B8B15D /* ${packageName}UITests.swift in Sources */ = {isa = PBXBuildFile; fileRef = A7EB4966265AF10B00B8B15D /* ${packageName}UITests.swift */; };
/* End PBXBuildFile section */

/* Begin PBXContainerItemProxy section */
		A7EB495B265AEF6A00B8B15D /* PBXContainerItemProxy */ = {
			isa = PBXContainerItemProxy;
			containerPortal = A7EB4936265AEC6C00B8B15D /* Project object */;
			proxyType = 1;
			remoteGlobalIDString = A7EB493D265AEC6C00B8B15D;
			remoteInfo = ${packageName};
		};
		A7EB4969265AF10B00B8B15D /* PBXContainerItemProxy */ = {
			isa = PBXContainerItemProxy;
			containerPortal = A7EB4936265AEC6C00B8B15D /* Project object */;
			proxyType = 1;
			remoteGlobalIDString = A7EB493D265AEC6C00B8B15D;
			remoteInfo = ${packageName};
		};
/* End PBXContainerItemProxy section */

/* Begin PBXFileReference section */
		A7EB493E265AEC6C00B8B15D /* ${packageName}.app */ = {isa = PBXFileReference; explicitFileType = wrapper.application; includeInIndex = 0; path = ${packageName}.app; sourceTree = BUILT_PRODUCTS_DIR; };
		A7EB4941265AEC6C00B8B15D /* ${packageName}App.swift */ = {isa = PBXFileReference; lastKnownFileType = sourcecode.swift; path = ${packageName}App.swift; sourceTree = "<group>"; };
		A7EB4943265AEC6C00B8B15D /* ContentView.swift */ = {isa = PBXFileReference; lastKnownFileType = sourcecode.swift; path = ContentView.swift; sourceTree = "<group>"; };
		A7EB4945265AEC6D00B8B15D /* Assets.xcassets */ = {isa = PBXFileReference; lastKnownFileType = folder.assetcatalog; path = Assets.xcassets; sourceTree = "<group>"; };
		A7EB4948265AEC6D00B8B15D /* Preview Assets.xcassets */ = {isa = PBXFileReference; lastKnownFileType = folder.assetcatalog; path = "Preview Assets.xcassets"; sourceTree = "<group>"; };
		A7EB494A265AEC6D00B8B15D /* Info.plist */ = {isa = PBXFileReference; lastKnownFileType = text.plist.xml; path = Info.plist; sourceTree = "<group>"; };
		A7EB4950265AECAC00B8B15D /* SampleText.swift */ = {isa = PBXFileReference; lastKnownFileType = sourcecode.swift; path = SampleText.swift; sourceTree = "<group>"; };
		A7EB4956265AEF6A00B8B15D /* ${packageName}Tests.xctest */ = {isa = PBXFileReference; explicitFileType = wrapper.cfbundle; includeInIndex = 0; path = ${packageName}Tests.xctest; sourceTree = BUILT_PRODUCTS_DIR; };
		A7EB4958265AEF6A00B8B15D /* ${packageName}Tests.swift */ = {isa = PBXFileReference; lastKnownFileType = sourcecode.swift; path = ${packageName}Tests.swift; sourceTree = "<group>"; };
		A7EB495A265AEF6A00B8B15D /* Info.plist */ = {isa = PBXFileReference; lastKnownFileType = text.plist.xml; path = Info.plist; sourceTree = "<group>"; };
		A7EB4964265AF10B00B8B15D /* ${packageName}UITests.xctest */ = {isa = PBXFileReference; explicitFileType = wrapper.cfbundle; includeInIndex = 0; path = ${packageName}UITests.xctest; sourceTree = BUILT_PRODUCTS_DIR; };
		A7EB4966265AF10B00B8B15D /* ${packageName}UITests.swift */ = {isa = PBXFileReference; lastKnownFileType = sourcecode.swift; path = ${packageName}UITests.swift; sourceTree = "<group>"; };
		A7EB4968265AF10B00B8B15D /* Info.plist */ = {isa = PBXFileReference; lastKnownFileType = text.plist.xml; path = Info.plist; sourceTree = "<group>"; };
/* End PBXFileReference section */

/* Begin PBXFrameworksBuildPhase section */
		A7EB493B265AEC6C00B8B15D /* Frameworks */ = {
			isa = PBXFrameworksBuildPhase;
			buildActionMask = 2147483647;
			files = (
			);
			runOnlyForDeploymentPostprocessing = 0;
		};
		A7EB4953265AEF6A00B8B15D /* Frameworks */ = {
			isa = PBXFrameworksBuildPhase;
			buildActionMask = 2147483647;
			files = (
			);
			runOnlyForDeploymentPostprocessing = 0;
		};
		A7EB4961265AF10B00B8B15D /* Frameworks */ = {
			isa = PBXFrameworksBuildPhase;
			buildActionMask = 2147483647;
			files = (
			);
			runOnlyForDeploymentPostprocessing = 0;
		};
/* End PBXFrameworksBuildPhase section */

/* Begin PBXGroup section */
		A7EB4935265AEC6C00B8B15D = {
			isa = PBXGroup;
			children = (
				A7EB4940265AEC6C00B8B15D /* ${packageName} */,
				A7EB4957265AEF6A00B8B15D /* ${packageName}Tests */,
				A7EB4965265AF10B00B8B15D /* ${packageName}UITests */,
				A7EB493F265AEC6C00B8B15D /* Products */,
			);
			sourceTree = "<group>";
		};
		A7EB493F265AEC6C00B8B15D /* Products */ = {
			isa = PBXGroup;
			children = (
				A7EB493E265AEC6C00B8B15D /* ${packageName}.app */,
				A7EB4956265AEF6A00B8B15D /* ${packageName}Tests.xctest */,
				A7EB4964265AF10B00B8B15D /* ${packageName}UITests.xctest */,
			);
			name = Products;
			sourceTree = "<group>";
		};
		A7EB4940265AEC6C00B8B15D /* ${packageName} */ = {
			isa = PBXGroup;
			children = (
				A7EB4941265AEC6C00B8B15D /* ${packageName}App.swift */,
				A7EB4950265AECAC00B8B15D /* SampleText.swift */,
				A7EB4943265AEC6C00B8B15D /* ContentView.swift */,
				A7EB4945265AEC6D00B8B15D /* Assets.xcassets */,
				A7EB494A265AEC6D00B8B15D /* Info.plist */,
				A7EB4947265AEC6D00B8B15D /* Preview Content */,
			);
			path = ${packageName};
			sourceTree = "<group>";
		};
		A7EB4947265AEC6D00B8B15D /* Preview Content */ = {
			isa = PBXGroup;
			children = (
				A7EB4948265AEC6D00B8B15D /* Preview Assets.xcassets */,
			);
			path = "Preview Content";
			sourceTree = "<group>";
		};
		A7EB4957265AEF6A00B8B15D /* ${packageName}Tests */ = {
			isa = PBXGroup;
			children = (
				A7EB4958265AEF6A00B8B15D /* ${packageName}Tests.swift */,
				A7EB495A265AEF6A00B8B15D /* Info.plist */,
			);
			path = ${packageName}Tests;
			sourceTree = "<group>";
		};
		A7EB4965265AF10B00B8B15D /* ${packageName}UITests */ = {
			isa = PBXGroup;
			children = (
				A7EB4966265AF10B00B8B15D /* ${packageName}UITests.swift */,
				A7EB4968265AF10B00B8B15D /* Info.plist */,
			);
			path = ${packageName}UITests;
			sourceTree = "<group>";
		};
/* End PBXGroup section */

/* Begin PBXNativeTarget section */
		A7EB493D265AEC6C00B8B15D /* ${packageName} */ = {
			isa = PBXNativeTarget;
			buildConfigurationList = A7EB494D265AEC6D00B8B15D /* Build configuration list for PBXNativeTarget "${packageName}" */;
			buildPhases = (
				A7EB493A265AEC6C00B8B15D /* Sources */,
				A7EB493B265AEC6C00B8B15D /* Frameworks */,
				A7EB493C265AEC6C00B8B15D /* Resources */,
			);
			buildRules = (
			);
			dependencies = (
			);
			name = ${packageName};
			productName = ${packageName};
			productReference = A7EB493E265AEC6C00B8B15D /* ${packageName}.app */;
			productType = "com.apple.product-type.application";
		};
		A7EB4955265AEF6A00B8B15D /* ${packageName}Tests */ = {
			isa = PBXNativeTarget;
			buildConfigurationList = A7EB495F265AEF6A00B8B15D /* Build configuration list for PBXNativeTarget "${packageName}Tests" */;
			buildPhases = (
				A7EB4952265AEF6A00B8B15D /* Sources */,
				A7EB4953265AEF6A00B8B15D /* Frameworks */,
				A7EB4954265AEF6A00B8B15D /* Resources */,
			);
			buildRules = (
			);
			dependencies = (
				A7EB495C265AEF6A00B8B15D /* PBXTargetDependency */,
			);
			name = ${packageName}Tests;
			productName = ${packageName}Tests;
			productReference = A7EB4956265AEF6A00B8B15D /* ${packageName}Tests.xctest */;
			productType = "com.apple.product-type.bundle.unit-test";
		};
		A7EB4963265AF10B00B8B15D /* ${packageName}UITests */ = {
			isa = PBXNativeTarget;
			buildConfigurationList = A7EB496D265AF10B00B8B15D /* Build configuration list for PBXNativeTarget "${packageName}UITests" */;
			buildPhases = (
				A7EB4960265AF10B00B8B15D /* Sources */,
				A7EB4961265AF10B00B8B15D /* Frameworks */,
				A7EB4962265AF10B00B8B15D /* Resources */,
			);
			buildRules = (
			);
			dependencies = (
				A7EB496A265AF10B00B8B15D /* PBXTargetDependency */,
			);
			name = ${packageName}UITests;
			productName = ${packageName}UITests;
			productReference = A7EB4964265AF10B00B8B15D /* ${packageName}UITests.xctest */;
			productType = "com.apple.product-type.bundle.ui-testing";
		};
/* End PBXNativeTarget section */

/* Begin PBXProject section */
		A7EB4936265AEC6C00B8B15D /* Project object */ = {
			isa = PBXProject;
			attributes = {
				LastSwiftUpdateCheck = 1250;
				LastUpgradeCheck = 1250;
				TargetAttributes = {
					A7EB493D265AEC6C00B8B15D = {
						CreatedOnToolsVersion = 12.5;
					};
					A7EB4955265AEF6A00B8B15D = {
						CreatedOnToolsVersion = 12.5;
						TestTargetID = A7EB493D265AEC6C00B8B15D;
					};
					A7EB4963265AF10B00B8B15D = {
						CreatedOnToolsVersion = 12.5;
						TestTargetID = A7EB493D265AEC6C00B8B15D;
					};
				};
			};
			buildConfigurationList = A7EB4939265AEC6C00B8B15D /* Build configuration list for PBXProject "${packageName}" */;
			compatibilityVersion = "Xcode 9.3";
			developmentRegion = en;
			hasScannedForEncodings = 0;
			knownRegions = (
				en,
				Base,
			);
			mainGroup = A7EB4935265AEC6C00B8B15D;
			productRefGroup = A7EB493F265AEC6C00B8B15D /* Products */;
			projectDirPath = "";
			projectRoot = "";
			targets = (
				A7EB493D265AEC6C00B8B15D /* ${packageName} */,
				A7EB4955265AEF6A00B8B15D /* ${packageName}Tests */,
				A7EB4963265AF10B00B8B15D /* ${packageName}UITests */,
			);
		};
/* End PBXProject section */

/* Begin PBXResourcesBuildPhase section */
		A7EB493C265AEC6C00B8B15D /* Resources */ = {
			isa = PBXResourcesBuildPhase;
			buildActionMask = 2147483647;
			files = (
				A7EB4949265AEC6D00B8B15D /* Preview Assets.xcassets in Resources */,
				A7EB4946265AEC6D00B8B15D /* Assets.xcassets in Resources */,
			);
			runOnlyForDeploymentPostprocessing = 0;
		};
		A7EB4954265AEF6A00B8B15D /* Resources */ = {
			isa = PBXResourcesBuildPhase;
			buildActionMask = 2147483647;
			files = (
			);
			runOnlyForDeploymentPostprocessing = 0;
		};
		A7EB4962265AF10B00B8B15D /* Resources */ = {
			isa = PBXResourcesBuildPhase;
			buildActionMask = 2147483647;
			files = (
			);
			runOnlyForDeploymentPostprocessing = 0;
		};
/* End PBXResourcesBuildPhase section */

/* Begin PBXSourcesBuildPhase section */
		A7EB493A265AEC6C00B8B15D /* Sources */ = {
			isa = PBXSourcesBuildPhase;
			buildActionMask = 2147483647;
			files = (
				A7EB4951265AECAC00B8B15D /* SampleText.swift in Sources */,
				A7EB4944265AEC6C00B8B15D /* ContentView.swift in Sources */,
				A7EB4942265AEC6C00B8B15D /* ${packageName}App.swift in Sources */,
			);
			runOnlyForDeploymentPostprocessing = 0;
		};
		A7EB4952265AEF6A00B8B15D /* Sources */ = {
			isa = PBXSourcesBuildPhase;
			buildActionMask = 2147483647;
			files = (
				A7EB4959265AEF6A00B8B15D /* ${packageName}Tests.swift in Sources */,
			);
			runOnlyForDeploymentPostprocessing = 0;
		};
		A7EB4960265AF10B00B8B15D /* Sources */ = {
			isa = PBXSourcesBuildPhase;
			buildActionMask = 2147483647;
			files = (
				A7EB4967265AF10B00B8B15D /* ${packageName}UITests.swift in Sources */,
			);
			runOnlyForDeploymentPostprocessing = 0;
		};
/* End PBXSourcesBuildPhase section */

/* Begin PBXTargetDependency section */
		A7EB495C265AEF6A00B8B15D /* PBXTargetDependency */ = {
			isa = PBXTargetDependency;
			target = A7EB493D265AEC6C00B8B15D /* ${packageName} */;
			targetProxy = A7EB495B265AEF6A00B8B15D /* PBXContainerItemProxy */;
		};
		A7EB496A265AF10B00B8B15D /* PBXTargetDependency */ = {
			isa = PBXTargetDependency;
			target = A7EB493D265AEC6C00B8B15D /* ${packageName} */;
			targetProxy = A7EB4969265AF10B00B8B15D /* PBXContainerItemProxy */;
		};
/* End PBXTargetDependency section */

/* Begin XCBuildConfiguration section */
		A7EB494B265AEC6D00B8B15D /* Debug */ = {
			isa = XCBuildConfiguration;
			buildSettings = {
				ALWAYS_SEARCH_USER_PATHS = NO;
				CLANG_ANALYZER_NONNULL = YES;
				CLANG_ANALYZER_NUMBER_OBJECT_CONVERSION = YES_AGGRESSIVE;
				CLANG_CXX_LANGUAGE_STANDARD = "gnu++14";
				CLANG_CXX_LIBRARY = "libc++";
				CLANG_ENABLE_MODULES = YES;
				CLANG_ENABLE_OBJC_ARC = YES;
				CLANG_ENABLE_OBJC_WEAK = YES;
				CLANG_WARN_BLOCK_CAPTURE_AUTORELEASING = YES;
				CLANG_WARN_BOOL_CONVERSION = YES;
				CLANG_WARN_COMMA = YES;
				CLANG_WARN_CONSTANT_CONVERSION = YES;
				CLANG_WARN_DEPRECATED_OBJC_IMPLEMENTATIONS = YES;
				CLANG_WARN_DIRECT_OBJC_ISA_USAGE = YES_ERROR;
				CLANG_WARN_DOCUMENTATION_COMMENTS = YES;
				CLANG_WARN_EMPTY_BODY = YES;
				CLANG_WARN_ENUM_CONVERSION = YES;
				CLANG_WARN_INFINITE_RECURSION = YES;
				CLANG_WARN_INT_CONVERSION = YES;
				CLANG_WARN_NON_LITERAL_NULL_CONVERSION = YES;
				CLANG_WARN_OBJC_IMPLICIT_RETAIN_SELF = YES;
				CLANG_WARN_OBJC_LITERAL_CONVERSION = YES;
				CLANG_WARN_OBJC_ROOT_CLASS = YES_ERROR;
				CLANG_WARN_QUOTED_INCLUDE_IN_FRAMEWORK_HEADER = YES;
				CLANG_WARN_RANGE_LOOP_ANALYSIS = YES;
				CLANG_WARN_STRICT_PROTOTYPES = YES;
				CLANG_WARN_SUSPICIOUS_MOVE = YES;
				CLANG_WARN_UNGUARDED_AVAILABILITY = YES_AGGRESSIVE;
				CLANG_WARN_UNREACHABLE_CODE = YES;
				CLANG_WARN__DUPLICATE_METHOD_MATCH = YES;
				COPY_PHASE_STRIP = NO;
				DEBUG_INFORMATION_FORMAT = dwarf;
				ENABLE_STRICT_OBJC_MSGSEND = YES;
				ENABLE_TESTABILITY = YES;
				GCC_C_LANGUAGE_STANDARD = gnu11;
				GCC_DYNAMIC_NO_PIC = NO;
				GCC_NO_COMMON_BLOCKS = YES;
				GCC_OPTIMIZATION_LEVEL = 0;
				GCC_PREPROCESSOR_DEFINITIONS = (
					"DEBUG=1",
					"$(inherited)",
				);
				GCC_WARN_64_TO_32_BIT_CONVERSION = YES;
				GCC_WARN_ABOUT_RETURN_TYPE = YES_ERROR;
				GCC_WARN_UNDECLARED_SELECTOR = YES;
				GCC_WARN_UNINITIALIZED_AUTOS = YES_AGGRESSIVE;
				GCC_WARN_UNUSED_FUNCTION = YES;
				GCC_WARN_UNUSED_VARIABLE = YES;
				IPHONEOS_DEPLOYMENT_TARGET = 14.5;
				MTL_ENABLE_DEBUG_INFO = INCLUDE_SOURCE;
				MTL_FAST_MATH = YES;
				ONLY_ACTIVE_ARCH = YES;
				SDKROOT = iphoneos;
				SWIFT_ACTIVE_COMPILATION_CONDITIONS = DEBUG;
				SWIFT_OPTIMIZATION_LEVEL = "-Onone";
			};
			name = Debug;
		};
		A7EB494C265AEC6D00B8B15D /* Release */ = {
			isa = XCBuildConfiguration;
			buildSettings = {
				ALWAYS_SEARCH_USER_PATHS = NO;
				CLANG_ANALYZER_NONNULL = YES;
				CLANG_ANALYZER_NUMBER_OBJECT_CONVERSION = YES_AGGRESSIVE;
				CLANG_CXX_LANGUAGE_STANDARD = "gnu++14";
				CLANG_CXX_LIBRARY = "libc++";
				CLANG_ENABLE_MODULES = YES;
				CLANG_ENABLE_OBJC_ARC = YES;
				CLANG_ENABLE_OBJC_WEAK = YES;
				CLANG_WARN_BLOCK_CAPTURE_AUTORELEASING = YES;
				CLANG_WARN_BOOL_CONVERSION = YES;
				CLANG_WARN_COMMA = YES;
				CLANG_WARN_CONSTANT_CONVERSION = YES;
				CLANG_WARN_DEPRECATED_OBJC_IMPLEMENTATIONS = YES;
				CLANG_WARN_DIRECT_OBJC_ISA_USAGE = YES_ERROR;
				CLANG_WARN_DOCUMENTATION_COMMENTS = YES;
				CLANG_WARN_EMPTY_BODY = YES;
				CLANG_WARN_ENUM_CONVERSION = YES;
				CLANG_WARN_INFINITE_RECURSION = YES;
				CLANG_WARN_INT_CONVERSION = YES;
				CLANG_WARN_NON_LITERAL_NULL_CONVERSION = YES;
				CLANG_WARN_OBJC_IMPLICIT_RETAIN_SELF = YES;
				CLANG_WARN_OBJC_LITERAL_CONVERSION = YES;
				CLANG_WARN_OBJC_ROOT_CLASS = YES_ERROR;
				CLANG_WARN_QUOTED_INCLUDE_IN_FRAMEWORK_HEADER = YES;
				CLANG_WARN_RANGE_LOOP_ANALYSIS = YES;
				CLANG_WARN_STRICT_PROTOTYPES = YES;
				CLANG_WARN_SUSPICIOUS_MOVE = YES;
				CLANG_WARN_UNGUARDED_AVAILABILITY = YES_AGGRESSIVE;
				CLANG_WARN_UNREACHABLE_CODE = YES;
				CLANG_WARN__DUPLICATE_METHOD_MATCH = YES;
				COPY_PHASE_STRIP = NO;
				DEBUG_INFORMATION_FORMAT = "dwarf-with-dsym";
				ENABLE_NS_ASSERTIONS = NO;
				ENABLE_STRICT_OBJC_MSGSEND = YES;
				GCC_C_LANGUAGE_STANDARD = gnu11;
				GCC_NO_COMMON_BLOCKS = YES;
				GCC_WARN_64_TO_32_BIT_CONVERSION = YES;
				GCC_WARN_ABOUT_RETURN_TYPE = YES_ERROR;
				GCC_WARN_UNDECLARED_SELECTOR = YES;
				GCC_WARN_UNINITIALIZED_AUTOS = YES_AGGRESSIVE;
				GCC_WARN_UNUSED_FUNCTION = YES;
				GCC_WARN_UNUSED_VARIABLE = YES;
				IPHONEOS_DEPLOYMENT_TARGET = 14.5;
				MTL_ENABLE_DEBUG_INFO = NO;
				MTL_FAST_MATH = YES;
				SDKROOT = iphoneos;
				SWIFT_COMPILATION_MODE = wholemodule;
				SWIFT_OPTIMIZATION_LEVEL = "-O";
				VALIDATE_PRODUCT = YES;
			};
			name = Release;
		};
		A7EB494E265AEC6D00B8B15D /* Debug */ = {
			isa = XCBuildConfiguration;
			buildSettings = {
				ASSETCATALOG_COMPILER_APPICON_NAME = AppIcon;
				ASSETCATALOG_COMPILER_GLOBAL_ACCENT_COLOR_NAME = AccentColor;
				CODE_SIGN_STYLE = Automatic;
				DEVELOPMENT_ASSET_PATHS = "\"${packageName}/Preview Content\"";
				ENABLE_PREVIEWS = YES;
				INFOPLIST_FILE = ${packageName}/Info.plist;
				IPHONEOS_DEPLOYMENT_TARGET = 14.0;
				LD_RUNPATH_SEARCH_PATHS = (
					"$(inherited)",
					"@executable_path/Frameworks",
				);
				PRODUCT_BUNDLE_IDENTIFIER = artemis.${packageName};
				PRODUCT_NAME = "$(TARGET_NAME)";
				SWIFT_VERSION = 5.0;
				TARGETED_DEVICE_FAMILY = "1,2";
			};
			name = Debug;
		};
		A7EB494F265AEC6D00B8B15D /* Release */ = {
			isa = XCBuildConfiguration;
			buildSettings = {
				ASSETCATALOG_COMPILER_APPICON_NAME = AppIcon;
				ASSETCATALOG_COMPILER_GLOBAL_ACCENT_COLOR_NAME = AccentColor;
				CODE_SIGN_STYLE = Automatic;
				DEVELOPMENT_ASSET_PATHS = "\"${packageName}/Preview Content\"";
				ENABLE_PREVIEWS = YES;
				INFOPLIST_FILE = ${packageName}/Info.plist;
				IPHONEOS_DEPLOYMENT_TARGET = 14.0;
				LD_RUNPATH_SEARCH_PATHS = (
					"$(inherited)",
					"@executable_path/Frameworks",
				);
				PRODUCT_BUNDLE_IDENTIFIER = artemis.${packageName};
				PRODUCT_NAME = "$(TARGET_NAME)";
				SWIFT_VERSION = 5.0;
				TARGETED_DEVICE_FAMILY = "1,2";
			};
			name = Release;
		};
		A7EB495D265AEF6A00B8B15D /* Debug */ = {
			isa = XCBuildConfiguration;
			buildSettings = {
				BUNDLE_LOADER = "$(TEST_HOST)";
				CODE_SIGN_STYLE = Automatic;
				INFOPLIST_FILE = ${packageName}Tests/Info.plist;
				LD_RUNPATH_SEARCH_PATHS = (
					"$(inherited)",
					"@executable_path/Frameworks",
					"@loader_path/Frameworks",
				);
				PRODUCT_BUNDLE_IDENTIFIER = artemis.${packageName}Tests;
				PRODUCT_NAME = "$(TARGET_NAME)";
				SWIFT_VERSION = 5.0;
				TARGETED_DEVICE_FAMILY = "1,2";
				TEST_HOST = "$(BUILT_PRODUCTS_DIR)/${packageName}.app/${packageName}";
			};
			name = Debug;
		};
		A7EB495E265AEF6A00B8B15D /* Release */ = {
			isa = XCBuildConfiguration;
			buildSettings = {
				BUNDLE_LOADER = "$(TEST_HOST)";
				CODE_SIGN_STYLE = Automatic;
				INFOPLIST_FILE = ${packageName}Tests/Info.plist;
				LD_RUNPATH_SEARCH_PATHS = (
					"$(inherited)",
					"@executable_path/Frameworks",
					"@loader_path/Frameworks",
				);
				PRODUCT_BUNDLE_IDENTIFIER = artemis.${packageName}Tests;
				PRODUCT_NAME = "$(TARGET_NAME)";
				SWIFT_VERSION = 5.0;
				TARGETED_DEVICE_FAMILY = "1,2";
				TEST_HOST = "$(BUILT_PRODUCTS_DIR)/${packageName}.app/${packageName}";
			};
			name = Release;
		};
		A7EB496B265AF10B00B8B15D /* Debug */ = {
			isa = XCBuildConfiguration;
			buildSettings = {
				CODE_SIGN_STYLE = Automatic;
				INFOPLIST_FILE = ${packageName}UITests/Info.plist;
				LD_RUNPATH_SEARCH_PATHS = (
					"$(inherited)",
					"@executable_path/Frameworks",
					"@loader_path/Frameworks",
				);
				PRODUCT_BUNDLE_IDENTIFIER = artemis.${packageName}UITests;
				PRODUCT_NAME = "$(TARGET_NAME)";
				SWIFT_VERSION = 5.0;
				TARGETED_DEVICE_FAMILY = "1,2";
				TEST_TARGET_NAME = ${packageName};
			};
			name = Debug;
		};
		A7EB496C265AF10B00B8B15D /* Release */ = {
			isa = XCBuildConfiguration;
			buildSettings = {
				CODE_SIGN_STYLE = Automatic;
				INFOPLIST_FILE = ${packageName}UITests/Info.plist;
				LD_RUNPATH_SEARCH_PATHS = (
					"$(inherited)",
					"@executable_path/Frameworks",
					"@loader_path/Frameworks",
				);
				PRODUCT_BUNDLE_IDENTIFIER = artemis.${packageName}UITests;
				PRODUCT_NAME = "$(TARGET_NAME)";
				SWIFT_VERSION = 5.0;
				TARGETED_DEVICE_FAMILY = "1,2";
				TEST_TARGET_NAME = ${packageName};
			};
			name = Release;
		};
/* End XCBuildConfiguration section */

/* Begin XCConfigurationList section */
		A7EB4939265AEC6C00B8B15D /* Build configuration list for PBXProject "${packageName}" */ = {
			isa = XCConfigurationList;
			buildConfigurations = (
				A7EB494B265AEC6D00B8B15D /* Debug */,
				A7EB494C265AEC6D00B8B15D /* Release */,
			);
			defaultConfigurationIsVisible = 0;
			defaultConfigurationName = Release;
		};
		A7EB494D265AEC6D00B8B15D /* Build configuration list for PBXNativeTarget "${packageName}" */ = {
			isa = XCConfigurationList;
			buildConfigurations = (
				A7EB494E265AEC6D00B8B15D /* Debug */,
				A7EB494F265AEC6D00B8B15D /* Release */,
			);
			defaultConfigurationIsVisible = 0;
			defaultConfigurationName = Release;
		};
		A7EB495F265AEF6A00B8B15D /* Build configuration list for PBXNativeTarget "${packageName}Tests" */ = {
			isa = XCConfigurationList;
			buildConfigurations = (
				A7EB495D265AEF6A00B8B15D /* Debug */,
				A7EB495E265AEF6A00B8B15D /* Release */,
			);
			defaultConfigurationIsVisible = 0;
			defaultConfigurationName = Release;
		};
		A7EB496D265AF10B00B8B15D /* Build configuration list for PBXNativeTarget "${packageName}UITests" */ = {
			isa = XCConfigurationList;
			buildConfigurations = (
				A7EB496B265AF10B00B8B15D /* Debug */,
				A7EB496C265AF10B00B8B15D /* Release */,
			);
			defaultConfigurationIsVisible = 0;
			defaultConfigurationName = Release;
		};
/* End XCConfigurationList section */
	};
	rootObject = A7EB4936265AEC6C00B8B15D /* Project object */;
}
