// !$*UTF8*$!
{
	archiveVersion = 1;
	classes = {
	};
	objectVersion = 54;
	objects = {

/* Begin PBXBuildFile section */
		4F44754B26BD9016004E6064 /* ${shortName}Test.swift in Sources */ = {isa = PBXBuildFile; fileRef = 4F44754A26BD9016004E6064 /* ${shortName}Test.swift */; };
		4F44755626BD9016004E6064 /* ${shortName}UITest.swift in Sources */ = {isa = PBXBuildFile; fileRef = 4F44755526BD9016004E6064 /* ${shortName}UITest.swift */; };
/* End PBXBuildFile section */

/* Begin PBXFileReference section */
		4F44754626BD9016004E6064 /* ${shortName}Test.xctest */ = {isa = PBXFileReference; explicitFileType = wrapper.cfbundle; includeInIndex = 0; path = ${shortName}Test.xctest; sourceTree = BUILT_PRODUCTS_DIR; };
		4F44754A26BD9016004E6064 /* ${shortName}Test.swift */ = {isa = PBXFileReference; lastKnownFileType = sourcecode.swift; path = ${shortName}Test.swift; sourceTree = "<group>"; };
		4F44754C26BD9016004E6064 /* Info.plist */ = {isa = PBXFileReference; lastKnownFileType = text.plist.xml; path = Info.plist; sourceTree = "<group>"; };
		4F44755126BD9016004E6064 /* ${shortName}UITest.xctest */ = {isa = PBXFileReference; explicitFileType = wrapper.cfbundle; includeInIndex = 0; path = ${shortName}UITest.xctest; sourceTree = BUILT_PRODUCTS_DIR; };
		4F44755526BD9016004E6064 /* ${shortName}UITest.swift */ = {isa = PBXFileReference; lastKnownFileType = sourcecode.swift; path = ${shortName}UITest.swift; sourceTree = "<group>"; };
		4F44755726BD9016004E6064 /* Info.plist */ = {isa = PBXFileReference; lastKnownFileType = text.plist.xml; path = Info.plist; sourceTree = "<group>"; };
		5E88C3E226C15952006E704E /* ${shortName}.app */ = {isa = PBXFileReference; explicitFileType = wrapper.application; path = ${shortName}.app; sourceTree = BUILT_PRODUCTS_DIR; };
		5E88C3E426C15B2D006E704E /* XCTest.framework */ = {isa = PBXFileReference; lastKnownFileType = wrapper.framework; name = XCTest.framework; path = Platforms/iPhoneOS.platform/Developer/Library/Frameworks/XCTest.framework; sourceTree = DEVELOPER_DIR; };
		5EAADF4C26BDBE3B0037A6DA /* ${shortName}.app */ = {isa = PBXFileReference; explicitFileType = wrapper.application; path = ${shortName}.app; sourceTree = BUILT_PRODUCTS_DIR; };
/* End PBXFileReference section */

/* Begin PBXFrameworksBuildPhase section */
		4F44754326BD9016004E6064 /* Frameworks */ = {
			isa = PBXFrameworksBuildPhase;
			buildActionMask = 2147483647;
			files = (
			);
			runOnlyForDeploymentPostprocessing = 0;
		};
		4F44754E26BD9016004E6064 /* Frameworks */ = {
			isa = PBXFrameworksBuildPhase;
			buildActionMask = 2147483647;
			files = (
			);
			runOnlyForDeploymentPostprocessing = 0;
		};
/* End PBXFrameworksBuildPhase section */

/* Begin PBXGroup section */
		4F44752C26BD9013004E6064 = {
			isa = PBXGroup;
			children = (
				4F44754926BD9016004E6064 /* ${shortName}Test */,
				4F44755426BD9016004E6064 /* ${shortName}UITest */,
				4F44753626BD9013004E6064 /* Products */,
				5EAADF4B26BDBE3B0037A6DA /* Frameworks */,
			);
			sourceTree = "<group>";
		};
		4F44753626BD9013004E6064 /* Products */ = {
			isa = PBXGroup;
			children = (
				4F44754626BD9016004E6064 /* ${shortName}Test.xctest */,
				4F44755126BD9016004E6064 /* ${shortName}UITest.xctest */,
			);
			name = Products;
			sourceTree = "<group>";
		};
		4F44754926BD9016004E6064 /* ${shortName}Test */ = {
			isa = PBXGroup;
			children = (
				4F44754A26BD9016004E6064 /* ${shortName}Test.swift */,
				4F44754C26BD9016004E6064 /* Info.plist */,
			);
			path = ${shortName}Test;
			sourceTree = "<group>";
		};
		4F44755426BD9016004E6064 /* ${shortName}UITest */ = {
			isa = PBXGroup;
			children = (
				4F44755526BD9016004E6064 /* ${shortName}UITest.swift */,
				4F44755726BD9016004E6064 /* Info.plist */,
			);
			path = ${shortName}UITest;
			sourceTree = "<group>";
		};
		5EAADF4B26BDBE3B0037A6DA /* Frameworks */ = {
			isa = PBXGroup;
			children = (
				5E88C3E426C15B2D006E704E /* XCTest.framework */,
				5E88C3E226C15952006E704E /* ${shortName}.app */,
				5EAADF4C26BDBE3B0037A6DA /* ${shortName}.app */,
			);
			name = Frameworks;
			sourceTree = "<group>";
		};
/* End PBXGroup section */

/* Begin PBXNativeTarget section */
		4F44754526BD9016004E6064 /* ${shortName}Test */ = {
			isa = PBXNativeTarget;
			buildConfigurationList = 4F44755D26BD9016004E6064 /* Build configuration list for PBXNativeTarget "${shortName}Test" */;
			buildPhases = (
				4F44754226BD9016004E6064 /* Sources */,
				4F44754326BD9016004E6064 /* Frameworks */,
				4F44754426BD9016004E6064 /* Resources */,
			);
			buildRules = (
			);
			dependencies = (
			);
			name = ${shortName}Test;
			productName = ${shortName}TestTests;
			productReference = 4F44754626BD9016004E6064 /* ${shortName}Test.xctest */;
			productType = "com.apple.product-type.bundle.unit-test";
		};
		4F44755026BD9016004E6064 /* ${shortName}UITest */ = {
			isa = PBXNativeTarget;
			buildConfigurationList = 4F44756026BD9016004E6064 /* Build configuration list for PBXNativeTarget "${shortName}UITest" */;
			buildPhases = (
				4F44754D26BD9016004E6064 /* Sources */,
				4F44754E26BD9016004E6064 /* Frameworks */,
				4F44754F26BD9016004E6064 /* Resources */,
			);
			buildRules = (
			);
			dependencies = (
			);
			name = ${shortName}UITest;
			productName = ${shortName}TestUITests;
			productReference = 4F44755126BD9016004E6064 /* ${shortName}UITest.xctest */;
			productType = "com.apple.product-type.bundle.ui-testing";
		};
/* End PBXNativeTarget section */

/* Begin PBXProject section */
		4F44752D26BD9013004E6064 /* Project object */ = {
			isa = PBXProject;
			attributes = {
				LastSwiftUpdateCheck = 1220;
				LastUpgradeCheck = 1220;
				TargetAttributes = {
					4F44754526BD9016004E6064 = {
						CreatedOnToolsVersion = 12.2;
						TestTargetID = 4F44753426BD9013004E6064;
					};
					4F44755026BD9016004E6064 = {
						CreatedOnToolsVersion = 12.2;
						TestTargetID = 4F44753426BD9013004E6064;
					};
				};
			};
			buildConfigurationList = 4F44753026BD9013004E6064 /* Build configuration list for PBXProject "${shortName}Test" */;
			compatibilityVersion = "Xcode 12.0";
			developmentRegion = en;
			hasScannedForEncodings = 0;
			knownRegions = (
				en,
				Base,
			);
			mainGroup = 4F44752C26BD9013004E6064;
			productRefGroup = 4F44753626BD9013004E6064 /* Products */;
			projectDirPath = "";
			projectRoot = "";
			targets = (
				4F44754526BD9016004E6064 /* ${shortName}Test */,
				4F44755026BD9016004E6064 /* ${shortName}UITest */,
			);
		};
/* End PBXProject section */

/* Begin PBXResourcesBuildPhase section */
		4F44754426BD9016004E6064 /* Resources */ = {
			isa = PBXResourcesBuildPhase;
			buildActionMask = 2147483647;
			files = (
			);
			runOnlyForDeploymentPostprocessing = 0;
		};
		4F44754F26BD9016004E6064 /* Resources */ = {
			isa = PBXResourcesBuildPhase;
			buildActionMask = 2147483647;
			files = (
			);
			runOnlyForDeploymentPostprocessing = 0;
		};
/* End PBXResourcesBuildPhase section */

/* Begin PBXSourcesBuildPhase section */
		4F44754226BD9016004E6064 /* Sources */ = {
			isa = PBXSourcesBuildPhase;
			buildActionMask = 2147483647;
			files = (
				4F44754B26BD9016004E6064 /* ${shortName}Test.swift in Sources */,
			);
			runOnlyForDeploymentPostprocessing = 0;
		};
		4F44754D26BD9016004E6064 /* Sources */ = {
			isa = PBXSourcesBuildPhase;
			buildActionMask = 2147483647;
			files = (
				4F44755626BD9016004E6064 /* ${shortName}UITest.swift in Sources */,
			);
			runOnlyForDeploymentPostprocessing = 0;
		};
/* End PBXSourcesBuildPhase section */

/* Begin XCBuildConfiguration section */
		4F44755826BD9016004E6064 /* Debug */ = {
			isa = XCBuildConfiguration;
			buildSettings = {
				ALWAYS_SEARCH_USER_PATHS = NO;
				CLANG_ANALYZER_NONNULL = YES;
				CLANG_ANALYZER_NUMBER_OBJECT_CONVERSION = YES_AGGRESSIVE;
				CLANG_CXX_LANGUAGE_STANDARD = "gnu++14";
				CLANG_CXX_LIBRARY = "libc++";
				CLANG_ENABLE_MODULES = YES;
				CLANG_ENABLE_OBJC_ARC = YES;
				CLANG_ENABLE_OBJC_WEAK = YES;
				CLANG_WARN_BLOCK_CAPTURE_AUTORELEASING = YES;
				CLANG_WARN_BOOL_CONVERSION = YES;
				CLANG_WARN_COMMA = YES;
				CLANG_WARN_CONSTANT_CONVERSION = YES;
				CLANG_WARN_DEPRECATED_OBJC_IMPLEMENTATIONS = YES;
				CLANG_WARN_DIRECT_OBJC_ISA_USAGE = YES_ERROR;
				CLANG_WARN_DOCUMENTATION_COMMENTS = YES;
				CLANG_WARN_EMPTY_BODY = YES;
				CLANG_WARN_ENUM_CONVERSION = YES;
				CLANG_WARN_INFINITE_RECURSION = YES;
				CLANG_WARN_INT_CONVERSION = YES;
				CLANG_WARN_NON_LITERAL_NULL_CONVERSION = YES;
				CLANG_WARN_OBJC_IMPLICIT_RETAIN_SELF = YES;
				CLANG_WARN_OBJC_LITERAL_CONVERSION = YES;
				CLANG_WARN_OBJC_ROOT_CLASS = YES_ERROR;
				CLANG_WARN_QUOTED_INCLUDE_IN_FRAMEWORK_HEADER = YES;
				CLANG_WARN_RANGE_LOOP_ANALYSIS = YES;
				CLANG_WARN_STRICT_PROTOTYPES = YES;
				CLANG_WARN_SUSPICIOUS_MOVE = YES;
				CLANG_WARN_UNGUARDED_AVAILABILITY = YES_AGGRESSIVE;
				CLANG_WARN_UNREACHABLE_CODE = YES;
				CLANG_WARN__DUPLICATE_METHOD_MATCH = YES;
				COPY_PHASE_STRIP = NO;
				DEBUG_INFORMATION_FORMAT = dwarf;
				ENABLE_STRICT_OBJC_MSGSEND = YES;
				ENABLE_TESTABILITY = YES;
				GCC_C_LANGUAGE_STANDARD = gnu11;
				GCC_DYNAMIC_NO_PIC = NO;
				GCC_NO_COMMON_BLOCKS = YES;
				GCC_OPTIMIZATION_LEVEL = 0;
				GCC_PREPROCESSOR_DEFINITIONS = (
					"DEBUG=1",
					"$(inherited)",
				);
				GCC_WARN_64_TO_32_BIT_CONVERSION = YES;
				GCC_WARN_ABOUT_RETURN_TYPE = YES_ERROR;
				GCC_WARN_UNDECLARED_SELECTOR = YES;
				GCC_WARN_UNINITIALIZED_AUTOS = YES_AGGRESSIVE;
				GCC_WARN_UNUSED_FUNCTION = YES;
				GCC_WARN_UNUSED_VARIABLE = YES;
				IPHONEOS_DEPLOYMENT_TARGET = 14.2;
				MTL_ENABLE_DEBUG_INFO = INCLUDE_SOURCE;
				MTL_FAST_MATH = YES;
				ONLY_ACTIVE_ARCH = YES;
				SDKROOT = iphoneos;
				SWIFT_ACTIVE_COMPILATION_CONDITIONS = DEBUG;
				SWIFT_OPTIMIZATION_LEVEL = "-Onone";
			};
			name = Debug;
		};
		4F44755926BD9016004E6064 /* Release */ = {
			isa = XCBuildConfiguration;
			buildSettings = {
				ALWAYS_SEARCH_USER_PATHS = NO;
				CLANG_ANALYZER_NONNULL = YES;
				CLANG_ANALYZER_NUMBER_OBJECT_CONVERSION = YES_AGGRESSIVE;
				CLANG_CXX_LANGUAGE_STANDARD = "gnu++14";
				CLANG_CXX_LIBRARY = "libc++";
				CLANG_ENABLE_MODULES = YES;
				CLANG_ENABLE_OBJC_ARC = YES;
				CLANG_ENABLE_OBJC_WEAK = YES;
				CLANG_WARN_BLOCK_CAPTURE_AUTORELEASING = YES;
				CLANG_WARN_BOOL_CONVERSION = YES;
				CLANG_WARN_COMMA = YES;
				CLANG_WARN_CONSTANT_CONVERSION = YES;
				CLANG_WARN_DEPRECATED_OBJC_IMPLEMENTATIONS = YES;
				CLANG_WARN_DIRECT_OBJC_ISA_USAGE = YES_ERROR;
				CLANG_WARN_DOCUMENTATION_COMMENTS = YES;
				CLANG_WARN_EMPTY_BODY = YES;
				CLANG_WARN_ENUM_CONVERSION = YES;
				CLANG_WARN_INFINITE_RECURSION = YES;
				CLANG_WARN_INT_CONVERSION = YES;
				CLANG_WARN_NON_LITERAL_NULL_CONVERSION = YES;
				CLANG_WARN_OBJC_IMPLICIT_RETAIN_SELF = YES;
				CLANG_WARN_OBJC_LITERAL_CONVERSION = YES;
				CLANG_WARN_OBJC_ROOT_CLASS = YES_ERROR;
				CLANG_WARN_QUOTED_INCLUDE_IN_FRAMEWORK_HEADER = YES;
				CLANG_WARN_RANGE_LOOP_ANALYSIS = YES;
				CLANG_WARN_STRICT_PROTOTYPES = YES;
				CLANG_WARN_SUSPICIOUS_MOVE = YES;
				CLANG_WARN_UNGUARDED_AVAILABILITY = YES_AGGRESSIVE;
				CLANG_WARN_UNREACHABLE_CODE = YES;
				CLANG_WARN__DUPLICATE_METHOD_MATCH = YES;
				COPY_PHASE_STRIP = NO;
				DEBUG_INFORMATION_FORMAT = "dwarf-with-dsym";
				ENABLE_NS_ASSERTIONS = NO;
				ENABLE_STRICT_OBJC_MSGSEND = YES;
				GCC_C_LANGUAGE_STANDARD = gnu11;
				GCC_NO_COMMON_BLOCKS = YES;
				GCC_WARN_64_TO_32_BIT_CONVERSION = YES;
				GCC_WARN_ABOUT_RETURN_TYPE = YES_ERROR;
				GCC_WARN_UNDECLARED_SELECTOR = YES;
				GCC_WARN_UNINITIALIZED_AUTOS = YES_AGGRESSIVE;
				GCC_WARN_UNUSED_FUNCTION = YES;
				GCC_WARN_UNUSED_VARIABLE = YES;
				IPHONEOS_DEPLOYMENT_TARGET = 14.2;
				MTL_ENABLE_DEBUG_INFO = NO;
				MTL_FAST_MATH = YES;
				SDKROOT = iphoneos;
				SWIFT_COMPILATION_MODE = wholemodule;
				SWIFT_OPTIMIZATION_LEVEL = "-O";
				VALIDATE_PRODUCT = YES;
			};
			name = Release;
		};
		4F44755E26BD9016004E6064 /* Debug */ = {
			isa = XCBuildConfiguration;
			buildSettings = {
				BUNDLE_LOADER = "$(TEST_HOST)";
				INFOPLIST_FILE = ${shortName}Test/Info.plist;
				IPHONEOS_DEPLOYMENT_TARGET = 14.0;
				LD_RUNPATH_SEARCH_PATHS = (
					"$(inherited)",
					"@executable_path/Frameworks",
					"@loader_path/Frameworks",
				);
				PRODUCT_BUNDLE_IDENTIFIER = de.tum.in.ase.${shortName}Test;
				PRODUCT_NAME = "$(TARGET_NAME)";
				SCAN_ALL_SOURCE_FILES_FOR_INCLUDES = YES;
				SWIFT_VERSION = 5.0;
				TARGETED_DEVICE_FAMILY = "1,2";
				TEST_HOST = "$(BUILT_PRODUCTS_DIR)/${shortName}.app/${shortName}";
			};
			name = Debug;
		};
		4F44755F26BD9016004E6064 /* Release */ = {
			isa = XCBuildConfiguration;
			buildSettings = {
				BUNDLE_LOADER = "$(TEST_HOST)";
				INFOPLIST_FILE = ${shortName}Test/Info.plist;
				IPHONEOS_DEPLOYMENT_TARGET = 14.0;
				LD_RUNPATH_SEARCH_PATHS = (
					"$(inherited)",
					"@executable_path/Frameworks",
					"@loader_path/Frameworks",
				);
				PRODUCT_BUNDLE_IDENTIFIER = de.tum.in.ase.${shortName}Test;
				PRODUCT_NAME = "$(TARGET_NAME)";
				SCAN_ALL_SOURCE_FILES_FOR_INCLUDES = YES;
				SWIFT_VERSION = 5.0;
				TARGETED_DEVICE_FAMILY = "1,2";
				TEST_HOST = "$(BUILT_PRODUCTS_DIR)/${shortName}.app/${shortName}";
			};
			name = Release;
		};
		4F44756126BD9016004E6064 /* Debug */ = {
			isa = XCBuildConfiguration;
			buildSettings = {
				CODE_SIGN_STYLE = Automatic;
				DEVELOPMENT_TEAM = "";
				INFOPLIST_FILE = ${shortName}UITest/Info.plist;
				LD_RUNPATH_SEARCH_PATHS = (
					"$(inherited)",
					"@executable_path/Frameworks",
					"@loader_path/Frameworks",
				);
				PRODUCT_BUNDLE_IDENTIFIER = de.tum.in.ase.${shortName}UITest;
				PRODUCT_NAME = "$(TARGET_NAME)";
				SCAN_ALL_SOURCE_FILES_FOR_INCLUDES = YES;
				SWIFT_VERSION = 5.0;
				TARGETED_DEVICE_FAMILY = "1,2";
			};
			name = Debug;
		};
		4F44756226BD9016004E6064 /* Release */ = {
			isa = XCBuildConfiguration;
			buildSettings = {
				CODE_SIGN_STYLE = Automatic;
				DEVELOPMENT_TEAM = "";
				INFOPLIST_FILE = ${shortName}UITest/Info.plist;
				LD_RUNPATH_SEARCH_PATHS = (
					"$(inherited)",
					"@executable_path/Frameworks",
					"@loader_path/Frameworks",
				);
				PRODUCT_BUNDLE_IDENTIFIER = de.tum.in.ase.${shortName}UITest;
				PRODUCT_NAME = "$(TARGET_NAME)";
				SCAN_ALL_SOURCE_FILES_FOR_INCLUDES = YES;
				SWIFT_VERSION = 5.0;
				TARGETED_DEVICE_FAMILY = "1,2";
			};
			name = Release;
		};
/* End XCBuildConfiguration section */

/* Begin XCConfigurationList section */
		4F44753026BD9013004E6064 /* Build configuration list for PBXProject "${shortName}Test" */ = {
			isa = XCConfigurationList;
			buildConfigurations = (
				4F44755826BD9016004E6064 /* Debug */,
				4F44755926BD9016004E6064 /* Release */,
			);
			defaultConfigurationIsVisible = 0;
			defaultConfigurationName = Release;
		};
		4F44755D26BD9016004E6064 /* Build configuration list for PBXNativeTarget "${shortName}Test" */ = {
			isa = XCConfigurationList;
			buildConfigurations = (
				4F44755E26BD9016004E6064 /* Debug */,
				4F44755F26BD9016004E6064 /* Release */,
			);
			defaultConfigurationIsVisible = 0;
			defaultConfigurationName = Release;
		};
		4F44756026BD9016004E6064 /* Build configuration list for PBXNativeTarget "${shortName}UITest" */ = {
			isa = XCConfigurationList;
			buildConfigurations = (
				4F44756126BD9016004E6064 /* Debug */,
				4F44756226BD9016004E6064 /* Release */,
			);
			defaultConfigurationIsVisible = 0;
			defaultConfigurationName = Release;
		};
/* End XCConfigurationList section */
	};
	rootObject = 4F44752D26BD9013004E6064 /* Project object */;
}
