Microsoft Visual Studio Solution File, Format Version 12.00
# Visual Studio Version 17
VisualStudioVersion = 17.5.2.0
MinimumVisualStudioVersion = 10.0.40219.1
Project("{2150E333-8FDC-42A3-9474-1A3956D46DE8}") = "build", "build", "{DEE5DD87-39C1-BF34-B639-A387DCCF972B}"
EndProject
Project("{2150E333-8FDC-42A3-9474-1A3956D46DE8}") = "src", "src", "{827E0CD3-B72D-47B6-A68D-7590B98EB39B}"
EndProject
Project("{2150E333-8FDC-42A3-9474-1A3956D46DE8}") = "resources", "resources", "{7912E67F-8066-4E51-F5B5-53BDFC01D8E3}"
EndProject
Project("{2150E333-8FDC-42A3-9474-1A3956D46DE8}") = "main", "main", "{EB5E95A6-775A-8C55-C0D4-46C87167B8B5}"
EndProject
Project("{2150E333-8FDC-42A3-9474-1A3956D46DE8}") = "templates", "templates", "{7483D93F-13E6-300E-FFF9-D852934C39C9}"
EndProject
Project("{2150E333-8FDC-42A3-9474-1A3956D46DE8}") = "c_sharp", "c_sharp", "{43FA0820-730E-6E89-6CB6-934FEC1C7D03}"
EndProject
Project("{FAE04EC0-301F-11D3-BF4B-00C04F79EFBC}") = "test", "build\resources\main\templates\c_sharp\test\test.csproj", "{DE68B967-7A74-C599-1717-45E1CAE9EAC5}"
EndProject
Project("{2150E333-8FDC-42A3-9474-1A3956D46DE8}") = "solution", "solution", "{8633578A-0050-7F49-9DBF-F7C9107031B9}"
EndProject
Project("{FAE04EC0-301F-11D3-BF4B-00C04F79EFBC}") = "assignment", "build\resources\main\templates\c_sharp\solution\assignment.csproj", "{6FF463A5-BF27-259F-8C4F-55A92DC0785D}"
EndProject
Project("{2150E333-8FDC-42A3-9474-1A3956D46DE8}") = "exercise", "exercise", "{1A2A39F5-BD84-1F01-02A7-140F3F25E383}"
EndProject
Project("{FAE04EC0-301F-11D3-BF4B-00C04F79EFBC}") = "assignment", "build\resources\main\templates\c_sharp\exercise\assignment.csproj", "{5619A8EE-B0FC-25B4-0468-B19E89E78CC2}"
EndProject
Project("{2150E333-8FDC-42A3-9474-1A3956D46DE8}") = "main", "main", "{ABAA6554-252E-13CE-1B40-0464A7DBA771}"
EndProject
Project("{2150E333-8FDC-42A3-9474-1A3956D46DE8}") = "resources", "resources", "{FC8601DC-5CC7-719B-6799-9BF613A13D43}"
EndProject
Project("{2150E333-8FDC-42A3-9474-1A3956D46DE8}") = "templates", "templates", "{EDA91070-7D57-7762-E3E0-6DA1D81F4B14}"
EndProject
Project("{2150E333-8FDC-42A3-9474-1A3956D46DE8}") = "c_sharp", "c_sharp", "{B1AC075C-E0CE-68C2-AB57-EF04E4215680}"
EndProject
Project("{FAE04EC0-301F-11D3-BF4B-00C04F79EFBC}") = "test", "src\main\resources\templates\c_sharp\test\test.csproj", "{1C0D1CE3-F8FB-A121-7FB8-82AE32270B8B}"
EndProject
Project("{2150E333-8FDC-42A3-9474-1A3956D46DE8}") = "solution", "solution", "{0C36D4D0-E2AF-BF76-9886-38826CF67C81}"
EndProject
Project("{FAE04EC0-301F-11D3-BF4B-00C04F79EFBC}") = "assignment", "src\main\resources\templates\c_sharp\solution\assignment.csproj", "{728C0AAF-F6EC-56E5-7A2C-E790BDBC814F}"
EndProject
Project("{2150E333-8FDC-42A3-9474-1A3956D46DE8}") = "exercise", "exercise", "{16C9A7A9-C547-52B2-C5F0-5C017CF39106}"
EndProject
Project("{FAE04EC0-301F-11D3-BF4B-00C04F79EFBC}") = "assignment", "src\main\resources\templates\c_sharp\exercise\assignment.csproj", "{C6A6A81D-8E77-E53D-B29A-E8E966D1F7B3}"
EndProject
Global
	GlobalSection(SolutionConfigurationPlatforms) = preSolution
		Debug|Any CPU = Debug|Any CPU
		Release|Any CPU = Release|Any CPU
	EndGlobalSection
	GlobalSection(ProjectConfigurationPlatforms) = postSolution
		{DE68B967-7A74-C599-1717-45E1CAE9EAC5}.Debug|Any CPU.ActiveCfg = Debug|Any CPU
		{DE68B967-7A74-C599-1717-45E1CAE9EAC5}.Debug|Any CPU.Build.0 = Debug|Any CPU
		{DE68B967-7A74-C599-1717-45E1CAE9EAC5}.Release|Any CPU.ActiveCfg = Release|Any CPU
		{DE68B967-7A74-C599-1717-45E1CAE9EAC5}.Release|Any CPU.Build.0 = Release|Any CPU
		{6FF463A5-BF27-259F-8C4F-55A92DC0785D}.Debug|Any CPU.ActiveCfg = Debug|Any CPU
		{6FF463A5-BF27-259F-8C4F-55A92DC0785D}.Debug|Any CPU.Build.0 = Debug|Any CPU
		{6FF463A5-BF27-259F-8C4F-55A92DC0785D}.Release|Any CPU.ActiveCfg = Release|Any CPU
		{6FF463A5-BF27-259F-8C4F-55A92DC0785D}.Release|Any CPU.Build.0 = Release|Any CPU
		{5619A8EE-B0FC-25B4-0468-B19E89E78CC2}.Debug|Any CPU.ActiveCfg = Debug|Any CPU
		{5619A8EE-B0FC-25B4-0468-B19E89E78CC2}.Debug|Any CPU.Build.0 = Debug|Any CPU
		{5619A8EE-B0FC-25B4-0468-B19E89E78CC2}.Release|Any CPU.ActiveCfg = Release|Any CPU
		{5619A8EE-B0FC-25B4-0468-B19E89E78CC2}.Release|Any CPU.Build.0 = Release|Any CPU
		{1C0D1CE3-F8FB-A121-7FB8-82AE32270B8B}.Debug|Any CPU.ActiveCfg = Debug|Any CPU
		{1C0D1CE3-F8FB-A121-7FB8-82AE32270B8B}.Debug|Any CPU.Build.0 = Debug|Any CPU
		{1C0D1CE3-F8FB-A121-7FB8-82AE32270B8B}.Release|Any CPU.ActiveCfg = Release|Any CPU
		{1C0D1CE3-F8FB-A121-7FB8-82AE32270B8B}.Release|Any CPU.Build.0 = Release|Any CPU
		{728C0AAF-F6EC-56E5-7A2C-E790BDBC814F}.Debug|Any CPU.ActiveCfg = Debug|Any CPU
		{728C0AAF-F6EC-56E5-7A2C-E790BDBC814F}.Debug|Any CPU.Build.0 = Debug|Any CPU
		{728C0AAF-F6EC-56E5-7A2C-E790BDBC814F}.Release|Any CPU.ActiveCfg = Release|Any CPU
		{728C0AAF-F6EC-56E5-7A2C-E790BDBC814F}.Release|Any CPU.Build.0 = Release|Any CPU
		{C6A6A81D-8E77-E53D-B29A-E8E966D1F7B3}.Debug|Any CPU.ActiveCfg = Debug|Any CPU
		{C6A6A81D-8E77-E53D-B29A-E8E966D1F7B3}.Debug|Any CPU.Build.0 = Debug|Any CPU
		{C6A6A81D-8E77-E53D-B29A-E8E966D1F7B3}.Release|Any CPU.ActiveCfg = Release|Any CPU
		{C6A6A81D-8E77-E53D-B29A-E8E966D1F7B3}.Release|Any CPU.Build.0 = Release|Any CPU
	EndGlobalSection
	GlobalSection(SolutionProperties) = preSolution
		HideSolutionNode = FALSE
	EndGlobalSection
	GlobalSection(NestedProjects) = preSolution
		{7912E67F-8066-4E51-F5B5-53BDFC01D8E3} = {DEE5DD87-39C1-BF34-B639-A387DCCF972B}
		{EB5E95A6-775A-8C55-C0D4-46C87167B8B5} = {7912E67F-8066-4E51-F5B5-53BDFC01D8E3}
		{7483D93F-13E6-300E-FFF9-D852934C39C9} = {EB5E95A6-775A-8C55-C0D4-46C87167B8B5}
		{43FA0820-730E-6E89-6CB6-934FEC1C7D03} = {7483D93F-13E6-300E-FFF9-D852934C39C9}
		{DE68B967-7A74-C599-1717-45E1CAE9EAC5} = {43FA0820-730E-6E89-6CB6-934FEC1C7D03}
		{8633578A-0050-7F49-9DBF-F7C9107031B9} = {43FA0820-730E-6E89-6CB6-934FEC1C7D03}
		{6FF463A5-BF27-259F-8C4F-55A92DC0785D} = {8633578A-0050-7F49-9DBF-F7C9107031B9}
		{1A2A39F5-BD84-1F01-02A7-140F3F25E383} = {43FA0820-730E-6E89-6CB6-934FEC1C7D03}
		{5619A8EE-B0FC-25B4-0468-B19E89E78CC2} = {1A2A39F5-BD84-1F01-02A7-140F3F25E383}
		{ABAA6554-252E-13CE-1B40-0464A7DBA771} = {827E0CD3-B72D-47B6-A68D-7590B98EB39B}
		{FC8601DC-5CC7-719B-6799-9BF613A13D43} = {ABAA6554-252E-13CE-1B40-0464A7DBA771}
		{EDA91070-7D57-7762-E3E0-6DA1D81F4B14} = {FC8601DC-5CC7-719B-6799-9BF613A13D43}
		{B1AC075C-E0CE-68C2-AB57-EF04E4215680} = {EDA91070-7D57-7762-E3E0-6DA1D81F4B14}
		{1C0D1CE3-F8FB-A121-7FB8-82AE32270B8B} = {B1AC075C-E0CE-68C2-AB57-EF04E4215680}
		{0C36D4D0-E2AF-BF76-9886-38826CF67C81} = {B1AC075C-E0CE-68C2-AB57-EF04E4215680}
		{728C0AAF-F6EC-56E5-7A2C-E790BDBC814F} = {0C36D4D0-E2AF-BF76-9886-38826CF67C81}
		{16C9A7A9-C547-52B2-C5F0-5C017CF39106} = {B1AC075C-E0CE-68C2-AB57-EF04E4215680}
		{C6A6A81D-8E77-E53D-B29A-E8E966D1F7B3} = {16C9A7A9-C547-52B2-C5F0-5C017CF39106}
	EndGlobalSection
	GlobalSection(ExtensibilityGlobals) = postSolution
		SolutionGuid = {9665E49E-4F8C-4BE4-A04F-79C005FABC50}
	EndGlobalSection
EndGlobal
